// !$*UTF8*$!
{
	archiveVersion = 1;
	classes = {
	};
	objectVersion = 46;
	objects = {

/* Begin PBXBuildFile section */
		279229A41A81A803009A9895 /* AppDelegate.swift in Sources */ = {isa = PBXBuildFile; fileRef = 279229A31A81A803009A9895 /* AppDelegate.swift */; };
		279229A71A81A803009A9895 /* NSFetchedResultsController.xcdatamodeld in Sources */ = {isa = PBXBuildFile; fileRef = 279229A51A81A803009A9895 /* NSFetchedResultsController.xcdatamodeld */; };
		279229A91A81A803009A9895 /* ViewController.swift in Sources */ = {isa = PBXBuildFile; fileRef = 279229A81A81A803009A9895 /* ViewController.swift */; };
		279229AC1A81A803009A9895 /* Main.storyboard in Resources */ = {isa = PBXBuildFile; fileRef = 279229AA1A81A803009A9895 /* Main.storyboard */; };
		279229AE1A81A803009A9895 /* Images.xcassets in Resources */ = {isa = PBXBuildFile; fileRef = 279229AD1A81A803009A9895 /* Images.xcassets */; };
		279229B11A81A803009A9895 /* LaunchScreen.xib in Resources */ = {isa = PBXBuildFile; fileRef = 279229AF1A81A803009A9895 /* LaunchScreen.xib */; };
		279229BD1A81A804009A9895 /* NSFetchedResultsControllerTests.swift in Sources */ = {isa = PBXBuildFile; fileRef = 279229BC1A81A804009A9895 /* NSFetchedResultsControllerTests.swift */; };
		279229C71A81A994009A9895 /* Item.swift in Sources */ = {isa = PBXBuildFile; fileRef = 279229C61A81A994009A9895 /* Item.swift */; };
		279229C91A81AA08009A9895 /* AddTableViewController.swift in Sources */ = {isa = PBXBuildFile; fileRef = 279229C81A81AA08009A9895 /* AddTableViewController.swift */; };
/* End PBXBuildFile section */

/* Begin PBXContainerItemProxy section */
		279229B71A81A804009A9895 /* PBXContainerItemProxy */ = {
			isa = PBXContainerItemProxy;
			containerPortal = 279229961A81A803009A9895 /* Project object */;
			proxyType = 1;
			remoteGlobalIDString = 2792299D1A81A803009A9895;
			remoteInfo = NSFetchedResultsController;
		};
/* End PBXContainerItemProxy section */

/* Begin PBXFileReference section */
		2792299E1A81A803009A9895 /* NSFetchedResultsController.app */ = {isa = PBXFileReference; explicitFileType = wrapper.application; includeInIndex = 0; path = NSFetchedResultsController.app; sourceTree = BUILT_PRODUCTS_DIR; };
		279229A21A81A803009A9895 /* Info.plist */ = {isa = PBXFileReference; lastKnownFileType = text.plist.xml; path = Info.plist; sourceTree = "<group>"; };
		279229A31A81A803009A9895 /* AppDelegate.swift */ = {isa = PBXFileReference; lastKnownFileType = sourcecode.swift; path = AppDelegate.swift; sourceTree = "<group>"; };
		279229A61A81A803009A9895 /* NSFetchedResultsController.xcdatamodel */ = {isa = PBXFileReference; lastKnownFileType = wrapper.xcdatamodel; path = NSFetchedResultsController.xcdatamodel; sourceTree = "<group>"; };
		279229A81A81A803009A9895 /* ViewController.swift */ = {isa = PBXFileReference; lastKnownFileType = sourcecode.swift; path = ViewController.swift; sourceTree = "<group>"; };
		279229AB1A81A803009A9895 /* Base */ = {isa = PBXFileReference; lastKnownFileType = file.storyboard; name = Base; path = Base.lproj/Main.storyboard; sourceTree = "<group>"; };
		279229AD1A81A803009A9895 /* Images.xcassets */ = {isa = PBXFileReference; lastKnownFileType = folder.assetcatalog; path = Images.xcassets; sourceTree = "<group>"; };
		279229B01A81A803009A9895 /* Base */ = {isa = PBXFileReference; lastKnownFileType = file.xib; name = Base; path = Base.lproj/LaunchScreen.xib; sourceTree = "<group>"; };
		279229B61A81A804009A9895 /* NSFetchedResultsControllerTests.xctest */ = {isa = PBXFileReference; explicitFileType = wrapper.cfbundle; includeInIndex = 0; path = NSFetchedResultsControllerTests.xctest; sourceTree = BUILT_PRODUCTS_DIR; };
		279229BB1A81A804009A9895 /* Info.plist */ = {isa = PBXFileReference; lastKnownFileType = text.plist.xml; path = Info.plist; sourceTree = "<group>"; };
		279229BC1A81A804009A9895 /* NSFetchedResultsControllerTests.swift */ = {isa = PBXFileReference; lastKnownFileType = sourcecode.swift; path = NSFetchedResultsControllerTests.swift; sourceTree = "<group>"; };
		279229C61A81A994009A9895 /* Item.swift */ = {isa = PBXFileReference; fileEncoding = 4; lastKnownFileType = sourcecode.swift; path = Item.swift; sourceTree = "<group>"; };
		279229C81A81AA08009A9895 /* AddTableViewController.swift */ = {isa = PBXFileReference; fileEncoding = 4; lastKnownFileType = sourcecode.swift; path = AddTableViewController.swift; sourceTree = "<group>"; };
/* End PBXFileReference section */

/* Begin PBXFrameworksBuildPhase section */
		2792299B1A81A803009A9895 /* Frameworks */ = {
			isa = PBXFrameworksBuildPhase;
			buildActionMask = 2147483647;
			files = (
			);
			runOnlyForDeploymentPostprocessing = 0;
		};
		279229B31A81A804009A9895 /* Frameworks */ = {
			isa = PBXFrameworksBuildPhase;
			buildActionMask = 2147483647;
			files = (
			);
			runOnlyForDeploymentPostprocessing = 0;
		};
/* End PBXFrameworksBuildPhase section */

/* Begin PBXGroup section */
		279229951A81A803009A9895 = {
			isa = PBXGroup;
			children = (
				279229A01A81A803009A9895 /* NSFetchedResultsController */,
				279229B91A81A804009A9895 /* NSFetchedResultsControllerTests */,
				2792299F1A81A803009A9895 /* Products */,
			);
			sourceTree = "<group>";
		};
		2792299F1A81A803009A9895 /* Products */ = {
			isa = PBXGroup;
			children = (
				2792299E1A81A803009A9895 /* NSFetchedResultsController.app */,
				279229B61A81A804009A9895 /* NSFetchedResultsControllerTests.xctest */,
			);
			name = Products;
			sourceTree = "<group>";
		};
		279229A01A81A803009A9895 /* NSFetchedResultsController */ = {
			isa = PBXGroup;
			children = (
				279229A31A81A803009A9895 /* AppDelegate.swift */,
				279229A81A81A803009A9895 /* ViewController.swift */,
				279229C81A81AA08009A9895 /* AddTableViewController.swift */,
				279229AA1A81A803009A9895 /* Main.storyboard */,
				279229AD1A81A803009A9895 /* Images.xcassets */,
				279229AF1A81A803009A9895 /* LaunchScreen.xib */,
				279229A51A81A803009A9895 /* NSFetchedResultsController.xcdatamodeld */,
				279229C61A81A994009A9895 /* Item.swift */,
				279229A11A81A803009A9895 /* Supporting Files */,
			);
			path = NSFetchedResultsController;
			sourceTree = "<group>";
		};
		279229A11A81A803009A9895 /* Supporting Files */ = {
			isa = PBXGroup;
			children = (
				279229A21A81A803009A9895 /* Info.plist */,
			);
			name = "Supporting Files";
			sourceTree = "<group>";
		};
		279229B91A81A804009A9895 /* NSFetchedResultsControllerTests */ = {
			isa = PBXGroup;
			children = (
				279229BC1A81A804009A9895 /* NSFetchedResultsControllerTests.swift */,
				279229BA1A81A804009A9895 /* Supporting Files */,
			);
			path = NSFetchedResultsControllerTests;
			sourceTree = "<group>";
		};
		279229BA1A81A804009A9895 /* Supporting Files */ = {
			isa = PBXGroup;
			children = (
				279229BB1A81A804009A9895 /* Info.plist */,
			);
			name = "Supporting Files";
			sourceTree = "<group>";
		};
/* End PBXGroup section */

/* Begin PBXNativeTarget section */
		2792299D1A81A803009A9895 /* NSFetchedResultsController */ = {
			isa = PBXNativeTarget;
			buildConfigurationList = 279229C01A81A804009A9895 /* Build configuration list for PBXNativeTarget "NSFetchedResultsController" */;
			buildPhases = (
				2792299A1A81A803009A9895 /* Sources */,
				2792299B1A81A803009A9895 /* Frameworks */,
				2792299C1A81A803009A9895 /* Resources */,
			);
			buildRules = (
			);
			dependencies = (
			);
			name = NSFetchedResultsController;
			productName = NSFetchedResultsController;
			productReference = 2792299E1A81A803009A9895 /* NSFetchedResultsController.app */;
			productType = "com.apple.product-type.application";
		};
		279229B51A81A804009A9895 /* NSFetchedResultsControllerTests */ = {
			isa = PBXNativeTarget;
			buildConfigurationList = 279229C31A81A804009A9895 /* Build configuration list for PBXNativeTarget "NSFetchedResultsControllerTests" */;
			buildPhases = (
				279229B21A81A804009A9895 /* Sources */,
				279229B31A81A804009A9895 /* Frameworks */,
				279229B41A81A804009A9895 /* Resources */,
			);
			buildRules = (
			);
			dependencies = (
				279229B81A81A804009A9895 /* PBXTargetDependency */,
			);
			name = NSFetchedResultsControllerTests;
			productName = NSFetchedResultsControllerTests;
			productReference = 279229B61A81A804009A9895 /* NSFetchedResultsControllerTests.xctest */;
			productType = "com.apple.product-type.bundle.unit-test";
		};
/* End PBXNativeTarget section */

/* Begin PBXProject section */
		279229961A81A803009A9895 /* Project object */ = {
			isa = PBXProject;
			attributes = {
				LastUpgradeCheck = 0610;
				ORGANIZATIONNAME = "Mike Reining";
				TargetAttributes = {
					2792299D1A81A803009A9895 = {
						CreatedOnToolsVersion = 6.1.1;
					};
					279229B51A81A804009A9895 = {
						CreatedOnToolsVersion = 6.1.1;
						TestTargetID = 2792299D1A81A803009A9895;
					};
				};
			};
			buildConfigurationList = 279229991A81A803009A9895 /* Build configuration list for PBXProject "NSFetchedResultsController" */;
			compatibilityVersion = "Xcode 3.2";
			developmentRegion = English;
			hasScannedForEncodings = 0;
			knownRegions = (
				en,
				Base,
			);
			mainGroup = 279229951A81A803009A9895;
			productRefGroup = 2792299F1A81A803009A9895 /* Products */;
			projectDirPath = "";
			projectRoot = "";
			targets = (
				2792299D1A81A803009A9895 /* NSFetchedResultsController */,
				279229B51A81A804009A9895 /* NSFetchedResultsControllerTests */,
			);
		};
/* End PBXProject section */

/* Begin PBXResourcesBuildPhase section */
		2792299C1A81A803009A9895 /* Resources */ = {
			isa = PBXResourcesBuildPhase;
			buildActionMask = 2147483647;
			files = (
				279229AC1A81A803009A9895 /* Main.storyboard in Resources */,
				279229B11A81A803009A9895 /* LaunchScreen.xib in Resources */,
				279229AE1A81A803009A9895 /* Images.xcassets in Resources */,
			);
			runOnlyForDeploymentPostprocessing = 0;
		};
		279229B41A81A804009A9895 /* Resources */ = {
			isa = PBXResourcesBuildPhase;
			buildActionMask = 2147483647;
			files = (
			);
			runOnlyForDeploymentPostprocessing = 0;
		};
/* End PBXResourcesBuildPhase section */

/* Begin PBXSourcesBuildPhase section */
		2792299A1A81A803009A9895 /* Sources */ = {
			isa = PBXSourcesBuildPhase;
			buildActionMask = 2147483647;
			files = (
				279229C71A81A994009A9895 /* Item.swift in Sources */,
				279229A91A81A803009A9895 /* ViewController.swift in Sources */,
				279229A41A81A803009A9895 /* AppDelegate.swift in Sources */,
				279229A71A81A803009A9895 /* NSFetchedResultsController.xcdatamodeld in Sources */,
				279229C91A81AA08009A9895 /* AddTableViewController.swift in Sources */,
			);
			runOnlyForDeploymentPostprocessing = 0;
		};
		279229B21A81A804009A9895 /* Sources */ = {
			isa = PBXSourcesBuildPhase;
			buildActionMask = 2147483647;
			files = (
				279229BD1A81A804009A9895 /* NSFetchedResultsControllerTests.swift in Sources */,
			);
			runOnlyForDeploymentPostprocessing = 0;
		};
/* End PBXSourcesBuildPhase section */

/* Begin PBXTargetDependency section */
		279229B81A81A804009A9895 /* PBXTargetDependency */ = {
			isa = PBXTargetDependency;
			target = 2792299D1A81A803009A9895 /* NSFetchedResultsController */;
			targetProxy = 279229B71A81A804009A9895 /* PBXContainerItemProxy */;
		};
/* End PBXTargetDependency section */

/* Begin PBXVariantGroup section */
		279229AA1A81A803009A9895 /* Main.storyboard */ = {
			isa = PBXVariantGroup;
			children = (
				279229AB1A81A803009A9895 /* Base */,
			);
			name = Main.storyboard;
			sourceTree = "<group>";
		};
		279229AF1A81A803009A9895 /* LaunchScreen.xib */ = {
			isa = PBXVariantGroup;
			children = (
				279229B01A81A803009A9895 /* Base */,
			);
			name = LaunchScreen.xib;
			sourceTree = "<group>";
		};
/* End PBXVariantGroup section */

/* Begin XCBuildConfiguration section */
		279229BE1A81A804009A9895 /* Debug */ = {
			isa = XCBuildConfiguration;
			buildSettings = {
				ALWAYS_SEARCH_USER_PATHS = NO;
				CLANG_CXX_LANGUAGE_STANDARD = "gnu++0x";
				CLANG_CXX_LIBRARY = "libc++";
				CLANG_ENABLE_MODULES = YES;
				CLANG_ENABLE_OBJC_ARC = YES;
				CLANG_WARN_BOOL_CONVERSION = YES;
				CLANG_WARN_CONSTANT_CONVERSION = YES;
				CLANG_WARN_DIRECT_OBJC_ISA_USAGE = YES_ERROR;
				CLANG_WARN_EMPTY_BODY = YES;
				CLANG_WARN_ENUM_CONVERSION = YES;
				CLANG_WARN_INT_CONVERSION = YES;
				CLANG_WARN_OBJC_ROOT_CLASS = YES_ERROR;
				CLANG_WARN_UNREACHABLE_CODE = YES;
				CLANG_WARN__DUPLICATE_METHOD_MATCH = YES;
				"CODE_SIGN_IDENTITY[sdk=iphoneos*]" = "iPhone Developer";
				COPY_PHASE_STRIP = NO;
				ENABLE_STRICT_OBJC_MSGSEND = YES;
				GCC_C_LANGUAGE_STANDARD = gnu99;
				GCC_DYNAMIC_NO_PIC = NO;
				GCC_OPTIMIZATION_LEVEL = 0;
				GCC_PREPROCESSOR_DEFINITIONS = (
					"DEBUG=1",
					"$(inherited)",
				);
				GCC_SYMBOLS_PRIVATE_EXTERN = NO;
				GCC_WARN_64_TO_32_BIT_CONVERSION = YES;
				GCC_WARN_ABOUT_RETURN_TYPE = YES_ERROR;
				GCC_WARN_UNDECLARED_SELECTOR = YES;
				GCC_WARN_UNINITIALIZED_AUTOS = YES_AGGRESSIVE;
				GCC_WARN_UNUSED_FUNCTION = YES;
				GCC_WARN_UNUSED_VARIABLE = YES;
				IPHONEOS_DEPLOYMENT_TARGET = 8.1;
				MTL_ENABLE_DEBUG_INFO = YES;
				ONLY_ACTIVE_ARCH = YES;
				SDKROOT = iphoneos;
				SWIFT_OPTIMIZATION_LEVEL = "-Onone";
				TARGETED_DEVICE_FAMILY = "1,2";
			};
			name = Debug;
		};
		279229BF1A81A804009A9895 /* Release */ = {
			isa = XCBuildConfiguration;
			buildSettings = {
				ALWAYS_SEARCH_USER_PATHS = NO;
				CLANG_CXX_LANGUAGE_STANDARD = "gnu++0x";
				CLANG_CXX_LIBRARY = "libc++";
				CLANG_ENABLE_MODULES = YES;
				CLANG_ENABLE_OBJC_ARC = YES;
				CLANG_WARN_BOOL_CONVERSION = YES;
				CLANG_WARN_CONSTANT_CONVERSION = YES;
				CLANG_WARN_DIRECT_OBJC_ISA_USAGE = YES_ERROR;
				CLANG_WARN_EMPTY_BODY = YES;
				CLANG_WARN_ENUM_CONVERSION = YES;
				CLANG_WARN_INT_CONVERSION = YES;
				CLANG_WARN_OBJC_ROOT_CLASS = YES_ERROR;
				CLANG_WARN_UNREACHABLE_CODE = YES;
				CLANG_WARN__DUPLICATE_METHOD_MATCH = YES;
				"CODE_SIGN_IDENTITY[sdk=iphoneos*]" = "iPhone Developer";
				COPY_PHASE_STRIP = YES;
				ENABLE_NS_ASSERTIONS = NO;
				ENABLE_STRICT_OBJC_MSGSEND = YES;
				GCC_C_LANGUAGE_STANDARD = gnu99;
				GCC_WARN_64_TO_32_BIT_CONVERSION = YES;
				GCC_WARN_ABOUT_RETURN_TYPE = YES_ERROR;
				GCC_WARN_UNDECLARED_SELECTOR = YES;
				GCC_WARN_UNINITIALIZED_AUTOS = YES_AGGRESSIVE;
				GCC_WARN_UNUSED_FUNCTION = YES;
				GCC_WARN_UNUSED_VARIABLE = YES;
				IPHONEOS_DEPLOYMENT_TARGET = 8.1;
				MTL_ENABLE_DEBUG_INFO = NO;
				SDKROOT = iphoneos;
				TARGETED_DEVICE_FAMILY = "1,2";
				VALIDATE_PRODUCT = YES;
			};
			name = Release;
		};
		279229C11A81A804009A9895 /* Debug */ = {
			isa = XCBuildConfiguration;
			buildSettings = {
				ASSETCATALOG_COMPILER_APPICON_NAME = AppIcon;
				INFOPLIST_FILE = NSFetchedResultsController/Info.plist;
				LD_RUNPATH_SEARCH_PATHS = "$(inherited) @executable_path/Frameworks";
				PRODUCT_NAME = "$(TARGET_NAME)";
			};
			name = Debug;
		};
		279229C21A81A804009A9895 /* Release */ = {
			isa = XCBuildConfiguration;
			buildSettings = {
				ASSETCATALOG_COMPILER_APPICON_NAME = AppIcon;
				INFOPLIST_FILE = NSFetchedResultsController/Info.plist;
				LD_RUNPATH_SEARCH_PATHS = "$(inherited) @executable_path/Frameworks";
				PRODUCT_NAME = "$(TARGET_NAME)";
			};
			name = Release;
		};
		279229C41A81A804009A9895 /* Debug */ = {
			isa = XCBuildConfiguration;
			buildSettings = {
				BUNDLE_LOADER = "$(TEST_HOST)";
				FRAMEWORK_SEARCH_PATHS = (
					"$(SDKROOT)/Developer/Library/Frameworks",
					"$(inherited)",
				);
				GCC_PREPROCESSOR_DEFINITIONS = (
					"DEBUG=1",
					"$(inherited)",
				);
				INFOPLIST_FILE = NSFetchedResultsControllerTests/Info.plist;
				LD_RUNPATH_SEARCH_PATHS = "$(inherited) @executable_path/Frameworks @loader_path/Frameworks";
				PRODUCT_NAME = "$(TARGET_NAME)";
				TEST_HOST = "$(BUILT_PRODUCTS_DIR)/NSFetchedResultsController.app/NSFetchedResultsController";
			};
			name = Debug;
		};
		279229C51A81A804009A9895 /* Release */ = {
			isa = XCBuildConfiguration;
			buildSettings = {
				BUNDLE_LOADER = "$(TEST_HOST)";
				FRAMEWORK_SEARCH_PATHS = (
					"$(SDKROOT)/Developer/Library/Frameworks",
					"$(inherited)",
				);
				INFOPLIST_FILE = NSFetchedResultsControllerTests/Info.plist;
				LD_RUNPATH_SEARCH_PATHS = "$(inherited) @executable_path/Frameworks @loader_path/Frameworks";
				PRODUCT_NAME = "$(TARGET_NAME)";
				TEST_HOST = "$(BUILT_PRODUCTS_DIR)/NSFetchedResultsController.app/NSFetchedResultsController";
			};
			name = Release;
		};
/* End XCBuildConfiguration section */

/* Begin XCConfigurationList section */
		279229991A81A803009A9895 /* Build configuration list for PBXProject "NSFetchedResultsController" */ = {
			isa = XCConfigurationList;
			buildConfigurations = (
				279229BE1A81A804009A9895 /* Debug */,
				279229BF1A81A804009A9895 /* Release */,
			);
			defaultConfigurationIsVisible = 0;
			defaultConfigurationName = Release;
		};
		279229C01A81A804009A9895 /* Build configuration list for PBXNativeTarget "NSFetchedResultsController" */ = {
			isa = XCConfigurationList;
			buildConfigurations = (
				279229C11A81A804009A9895 /* Debug */,
				279229C21A81A804009A9895 /* Release */,
			);
			defaultConfigurationIsVisible = 0;
		};
		279229C31A81A804009A9895 /* Build configuration list for PBXNativeTarget "NSFetchedResultsControllerTests" */ = {
			isa = XCConfigurationList;
			buildConfigurations = (
				279229C41A81A804009A9895 /* Debug */,
				279229C51A81A804009A9895 /* Release */,
			);
			defaultConfigurationIsVisible = 0;
		};
/* End XCConfigurationList section */

/* Begin XCVersionGroup section */
		279229A51A81A803009A9895 /* NSFetchedResultsController.xcdatamodeld */ = {
			isa = XCVersionGroup;
			children = (
				279229A61A81A803009A9895 /* NSFetchedResultsController.xcdatamodel */,
			);
			currentVersion = 279229A61A81A803009A9895 /* NSFetchedResultsController.xcdatamodel */;
			path = NSFetchedResultsController.xcdatamodeld;
			sourceTree = "<group>";
			versionGroupType = wrapper.xcdatamodel;
		};
/* End XCVersionGroup section */
	};
	rootObject = 279229961A81A803009A9895 /* Project object */;
}
